
Microsoft Visual Studio Solution File, Format Version 12.00
# Visual Studio Version 17
VisualStudioVersion = 17.10.35013.160
MinimumVisualStudioVersion = 10.0.40219.1
Project("{FAE04EC0-301F-11D3-BF4B-00C04F79EFBC}") = "Cuidador", "Cuidador.csproj", "{B0BDF48A-45D9-42A3-8F98-78FF4409DBFA}"
EndProject
Global
	GlobalSection(SolutionConfigurationPlatforms) = preSolution
		Debug|Any CPU = Debug|Any CPU
		Release|Any CPU = Release|Any CPU
	EndGlobalSection
	GlobalSection(ProjectConfigurationPlatforms) = postSolution
		{B0BDF48A-45D9-42A3-8F98-78FF4409DBFA}.Debug|Any CPU.ActiveCfg = Debug|Any CPU
		{B0BDF48A-45D9-42A3-8F98-78FF4409DBFA}.Debug|Any CPU.Build.0 = Debug|Any CPU
		{B0BDF48A-45D9-42A3-8F98-78FF4409DBFA}.Release|Any CPU.ActiveCfg = Release|Any CPU
		{B0BDF48A-45D9-42A3-8F98-78FF4409DBFA}.Release|Any CPU.Build.0 = Release|Any CPU
	EndGlobalSection
	GlobalSection(SolutionProperties) = preSolution
		HideSolutionNode = FALSE
	EndGlobalSection
	GlobalSection(ExtensibilityGlobals) = postSolution
		SolutionGuid = {BA55B541-C3F7-4D14-AAD4-4C019518922C}
	EndGlobalSection
EndGlobal
